
Microsoft Visual Studio Solution File, Format Version 12.00
# Visual Studio Version 17
VisualStudioVersion = 17.7.34031.279
MinimumVisualStudioVersion = 10.0.40219.1
Project("{9A19103F-16F7-4668-BE54-9A1E7A4F7556}") = "Migrations", "Migrations\Migrations.csproj", "{9EE42FF9-5452-4CC5-9FF5-89BB33112CCC}"
EndProject
Project("{FAE04EC0-301F-11D3-BF4B-00C04F79EFBC}") = "ElmBookShelf.API", "API\ElmBookShelf.API\ElmBookShelf.API.csproj", "{32F2F2D0-153C-45C6-B326-E9C41EC05C23}"
EndProject
Project("{FAE04EC0-301F-11D3-BF4B-00C04F79EFBC}") = "ElmBookShelf.Infrastructure", "ElmBookShelf.Infrastructure\ElmBookShelf.Infrastructure.csproj", "{56572F33-7E6F-4CAB-A9F4-DE7D4A23B33A}"
EndProject
Project("{FAE04EC0-301F-11D3-BF4B-00C04F79EFBC}") = "ElmBookShelf.Application", "Application\ElmBookShelf.Application.csproj", "{D044D120-438B-43E1-9C7B-85E1C79FBC61}"
EndProject
Project("{FAE04EC0-301F-11D3-BF4B-00C04F79EFBC}") = "ElmBookShelf.Domain", "Domain\ElmBookShelf.Domain.csproj", "{1D9B5F8F-B773-47EF-A8F4-F0136374FBF8}"
EndProject
Global
	GlobalSection(SolutionConfigurationPlatforms) = preSolution
		Debug|Any CPU = Debug|Any CPU
		Release|Any CPU = Release|Any CPU
	EndGlobalSection
	GlobalSection(ProjectConfigurationPlatforms) = postSolution
		{9EE42FF9-5452-4CC5-9FF5-89BB33112CCC}.Debug|Any CPU.ActiveCfg = Debug|Any CPU
		{9EE42FF9-5452-4CC5-9FF5-89BB33112CCC}.Debug|Any CPU.Build.0 = Debug|Any CPU
		{9EE42FF9-5452-4CC5-9FF5-89BB33112CCC}.Release|Any CPU.ActiveCfg = Release|Any CPU
		{9EE42FF9-5452-4CC5-9FF5-89BB33112CCC}.Release|Any CPU.Build.0 = Release|Any CPU
		{32F2F2D0-153C-45C6-B326-E9C41EC05C23}.Debug|Any CPU.ActiveCfg = Debug|Any CPU
		{32F2F2D0-153C-45C6-B326-E9C41EC05C23}.Debug|Any CPU.Build.0 = Debug|Any CPU
		{32F2F2D0-153C-45C6-B326-E9C41EC05C23}.Release|Any CPU.ActiveCfg = Release|Any CPU
		{32F2F2D0-153C-45C6-B326-E9C41EC05C23}.Release|Any CPU.Build.0 = Release|Any CPU
		{56572F33-7E6F-4CAB-A9F4-DE7D4A23B33A}.Debug|Any CPU.ActiveCfg = Debug|Any CPU
		{56572F33-7E6F-4CAB-A9F4-DE7D4A23B33A}.Debug|Any CPU.Build.0 = Debug|Any CPU
		{56572F33-7E6F-4CAB-A9F4-DE7D4A23B33A}.Release|Any CPU.ActiveCfg = Release|Any CPU
		{56572F33-7E6F-4CAB-A9F4-DE7D4A23B33A}.Release|Any CPU.Build.0 = Release|Any CPU
		{D044D120-438B-43E1-9C7B-85E1C79FBC61}.Debug|Any CPU.ActiveCfg = Debug|Any CPU
		{D044D120-438B-43E1-9C7B-85E1C79FBC61}.Debug|Any CPU.Build.0 = Debug|Any CPU
		{D044D120-438B-43E1-9C7B-85E1C79FBC61}.Release|Any CPU.ActiveCfg = Release|Any CPU
		{D044D120-438B-43E1-9C7B-85E1C79FBC61}.Release|Any CPU.Build.0 = Release|Any CPU
		{1D9B5F8F-B773-47EF-A8F4-F0136374FBF8}.Debug|Any CPU.ActiveCfg = Debug|Any CPU
		{1D9B5F8F-B773-47EF-A8F4-F0136374FBF8}.Debug|Any CPU.Build.0 = Debug|Any CPU
		{1D9B5F8F-B773-47EF-A8F4-F0136374FBF8}.Release|Any CPU.ActiveCfg = Release|Any CPU
		{1D9B5F8F-B773-47EF-A8F4-F0136374FBF8}.Release|Any CPU.Build.0 = Release|Any CPU
	EndGlobalSection
	GlobalSection(SolutionProperties) = preSolution
		HideSolutionNode = FALSE
	EndGlobalSection
	GlobalSection(ExtensibilityGlobals) = postSolution
		SolutionGuid = {833EA171-BF04-4381-A348-577F82CFBD6A}
	EndGlobalSection
EndGlobal
